
Microsoft Visual Studio Solution File, Format Version 12.00
# Visual Studio Version 16
VisualStudioVersion = 16.0.30907.101
MinimumVisualStudioVersion = 10.0.40219.1
Project("{FAE04EC0-301F-11D3-BF4B-00C04F79EFBC}") = "Les-01-C", "Les-01-C\Les-01-C.csproj", "{2AD0569B-3C50-419F-9B59-0307594C4B96}"
EndProject
Global
	GlobalSection(SolutionConfigurationPlatforms) = preSolution
		Debug|Any CPU = Debug|Any CPU
		Release|Any CPU = Release|Any CPU
	EndGlobalSection
	GlobalSection(ProjectConfigurationPlatforms) = postSolution
		{2AD0569B-3C50-419F-9B59-0307594C4B96}.Debug|Any CPU.ActiveCfg = Debug|Any CPU
		{2AD0569B-3C50-419F-9B59-0307594C4B96}.Debug|Any CPU.Build.0 = Debug|Any CPU
		{2AD0569B-3C50-419F-9B59-0307594C4B96}.Release|Any CPU.ActiveCfg = Release|Any CPU
		{2AD0569B-3C50-419F-9B59-0307594C4B96}.Release|Any CPU.Build.0 = Release|Any CPU
	EndGlobalSection
	GlobalSection(SolutionProperties) = preSolution
		HideSolutionNode = FALSE
	EndGlobalSection
	GlobalSection(ExtensibilityGlobals) = postSolution
		SolutionGuid = {3150970E-659A-4722-8EDA-7E15F0D46887}
	EndGlobalSection
EndGlobal
